
Microsoft Visual Studio Solution File, Format Version 12.00
# Visual Studio Version 17
VisualStudioVersion = 17.7.34024.191
MinimumVisualStudioVersion = 10.0.40219.1
Project("{FAE04EC0-301F-11D3-BF4B-00C04F79EFBC}") = "CarServiceShopReservation", "CarServiceShopReservation\CarServiceShopReservation.csproj", "{0703D97C-CF08-4160-BD97-A02E89C3BB0A}"
EndProject
Global
	GlobalSection(SolutionConfigurationPlatforms) = preSolution
		Debug|Any CPU = Debug|Any CPU
		Release|Any CPU = Release|Any CPU
	EndGlobalSection
	GlobalSection(ProjectConfigurationPlatforms) = postSolution
		{0703D97C-CF08-4160-BD97-A02E89C3BB0A}.Debug|Any CPU.ActiveCfg = Debug|Any CPU
		{0703D97C-CF08-4160-BD97-A02E89C3BB0A}.Debug|Any CPU.Build.0 = Debug|Any CPU
		{0703D97C-CF08-4160-BD97-A02E89C3BB0A}.Release|Any CPU.ActiveCfg = Release|Any CPU
		{0703D97C-CF08-4160-BD97-A02E89C3BB0A}.Release|Any CPU.Build.0 = Release|Any CPU
	EndGlobalSection
	GlobalSection(SolutionProperties) = preSolution
		HideSolutionNode = FALSE
	EndGlobalSection
	GlobalSection(ExtensibilityGlobals) = postSolution
		SolutionGuid = {BEEAE781-16E1-43E1-9C6C-3AF9B0961E5A}
	EndGlobalSection
EndGlobal
